// !$*UTF8*$!
{
	archiveVersion = 1;
	classes = {
	};
	objectVersion = 55;
	objects = {

/* Begin PBXBuildFile section */
		BA36A288288034590087B0E8 /* AppDelegate.swift in Sources */ = {isa = PBXBuildFile; fileRef = BA36A287288034590087B0E8 /* AppDelegate.swift */; };
		BA36A28A288034590087B0E8 /* SceneDelegate.swift in Sources */ = {isa = PBXBuildFile; fileRef = BA36A289288034590087B0E8 /* SceneDelegate.swift */; };
		BA36A28C288034590087B0E8 /* HomeVC.swift in Sources */ = {isa = PBXBuildFile; fileRef = BA36A28B288034590087B0E8 /* HomeVC.swift */; };
		BA36A2922880345A0087B0E8 /* SmartHome.xcdatamodeld in Sources */ = {isa = PBXBuildFile; fileRef = BA36A2902880345A0087B0E8 /* SmartHome.xcdatamodeld */; };
		BA36A294288034610087B0E8 /* Assets.xcassets in Resources */ = {isa = PBXBuildFile; fileRef = BA36A293288034610087B0E8 /* Assets.xcassets */; };
		BA36A297288034610087B0E8 /* LaunchScreen.storyboard in Resources */ = {isa = PBXBuildFile; fileRef = BA36A295288034610087B0E8 /* LaunchScreen.storyboard */; };
		BA36A2A2288034620087B0E8 /* SmartHomeTests.swift in Sources */ = {isa = PBXBuildFile; fileRef = BA36A2A1288034620087B0E8 /* SmartHomeTests.swift */; };
		BA36A2AC288034620087B0E8 /* SmartHomeUITests.swift in Sources */ = {isa = PBXBuildFile; fileRef = BA36A2AB288034620087B0E8 /* SmartHomeUITests.swift */; };
		BA36A2AE288034620087B0E8 /* SmartHomeUITestsLaunchTests.swift in Sources */ = {isa = PBXBuildFile; fileRef = BA36A2AD288034620087B0E8 /* SmartHomeUITestsLaunchTests.swift */; };
		BA36A2BE288037390087B0E8 /* DeviceData.swift in Sources */ = {isa = PBXBuildFile; fileRef = BA36A2BD288037390087B0E8 /* DeviceData.swift */; };
		BA36A2C028803BB20087B0E8 /* DataManager.swift in Sources */ = {isa = PBXBuildFile; fileRef = BA36A2BF28803BB20087B0E8 /* DataManager.swift */; };
		BA36A2C228803C440087B0E8 /* DeviceModel.swift in Sources */ = {isa = PBXBuildFile; fileRef = BA36A2C128803C440087B0E8 /* DeviceModel.swift */; };
		BA36A2C428805AA40087B0E8 /* CustomCell.swift in Sources */ = {isa = PBXBuildFile; fileRef = BA36A2C328805AA40087B0E8 /* CustomCell.swift */; };
		BA36A2C628806E870087B0E8 /* LightVC.swift in Sources */ = {isa = PBXBuildFile; fileRef = BA36A2C528806E870087B0E8 /* LightVC.swift */; };
		BA36A2C828806E960087B0E8 /* RollerVC.swift in Sources */ = {isa = PBXBuildFile; fileRef = BA36A2C728806E960087B0E8 /* RollerVC.swift */; };
/* End PBXBuildFile section */

/* Begin PBXContainerItemProxy section */
		BA36A29E288034620087B0E8 /* PBXContainerItemProxy */ = {
			isa = PBXContainerItemProxy;
			containerPortal = BA36A27C288034590087B0E8 /* Project object */;
			proxyType = 1;
			remoteGlobalIDString = BA36A283288034590087B0E8;
			remoteInfo = SmartHome;
		};
		BA36A2A8288034620087B0E8 /* PBXContainerItemProxy */ = {
			isa = PBXContainerItemProxy;
			containerPortal = BA36A27C288034590087B0E8 /* Project object */;
			proxyType = 1;
			remoteGlobalIDString = BA36A283288034590087B0E8;
			remoteInfo = SmartHome;
		};
/* End PBXContainerItemProxy section */

/* Begin PBXFileReference section */
		BA36A284288034590087B0E8 /* SmartHome.app */ = {isa = PBXFileReference; explicitFileType = wrapper.application; includeInIndex = 0; path = SmartHome.app; sourceTree = BUILT_PRODUCTS_DIR; };
		BA36A287288034590087B0E8 /* AppDelegate.swift */ = {isa = PBXFileReference; lastKnownFileType = sourcecode.swift; path = AppDelegate.swift; sourceTree = "<group>"; };
		BA36A289288034590087B0E8 /* SceneDelegate.swift */ = {isa = PBXFileReference; lastKnownFileType = sourcecode.swift; path = SceneDelegate.swift; sourceTree = "<group>"; };
		BA36A28B288034590087B0E8 /* HomeVC.swift */ = {isa = PBXFileReference; lastKnownFileType = sourcecode.swift; path = HomeVC.swift; sourceTree = "<group>"; };
		BA36A2912880345A0087B0E8 /* SmartHome.xcdatamodel */ = {isa = PBXFileReference; lastKnownFileType = wrapper.xcdatamodel; path = SmartHome.xcdatamodel; sourceTree = "<group>"; };
		BA36A293288034610087B0E8 /* Assets.xcassets */ = {isa = PBXFileReference; lastKnownFileType = folder.assetcatalog; path = Assets.xcassets; sourceTree = "<group>"; };
		BA36A296288034610087B0E8 /* Base */ = {isa = PBXFileReference; lastKnownFileType = file.storyboard; name = Base; path = Base.lproj/LaunchScreen.storyboard; sourceTree = "<group>"; };
		BA36A298288034610087B0E8 /* Info.plist */ = {isa = PBXFileReference; lastKnownFileType = text.plist.xml; path = Info.plist; sourceTree = "<group>"; };
		BA36A29D288034620087B0E8 /* SmartHomeTests.xctest */ = {isa = PBXFileReference; explicitFileType = wrapper.cfbundle; includeInIndex = 0; path = SmartHomeTests.xctest; sourceTree = BUILT_PRODUCTS_DIR; };
		BA36A2A1288034620087B0E8 /* SmartHomeTests.swift */ = {isa = PBXFileReference; lastKnownFileType = sourcecode.swift; path = SmartHomeTests.swift; sourceTree = "<group>"; };
		BA36A2A7288034620087B0E8 /* SmartHomeUITests.xctest */ = {isa = PBXFileReference; explicitFileType = wrapper.cfbundle; includeInIndex = 0; path = SmartHomeUITests.xctest; sourceTree = BUILT_PRODUCTS_DIR; };
		BA36A2AB288034620087B0E8 /* SmartHomeUITests.swift */ = {isa = PBXFileReference; lastKnownFileType = sourcecode.swift; path = SmartHomeUITests.swift; sourceTree = "<group>"; };
		BA36A2AD288034620087B0E8 /* SmartHomeUITestsLaunchTests.swift */ = {isa = PBXFileReference; lastKnownFileType = sourcecode.swift; path = SmartHomeUITestsLaunchTests.swift; sourceTree = "<group>"; };
		BA36A2BD288037390087B0E8 /* DeviceData.swift */ = {isa = PBXFileReference; lastKnownFileType = sourcecode.swift; path = DeviceData.swift; sourceTree = "<group>"; };
		BA36A2BF28803BB20087B0E8 /* DataManager.swift */ = {isa = PBXFileReference; lastKnownFileType = sourcecode.swift; path = DataManager.swift; sourceTree = "<group>"; };
		BA36A2C128803C440087B0E8 /* DeviceModel.swift */ = {isa = PBXFileReference; lastKnownFileType = sourcecode.swift; path = DeviceModel.swift; sourceTree = "<group>"; };
		BA36A2C328805AA40087B0E8 /* CustomCell.swift */ = {isa = PBXFileReference; lastKnownFileType = sourcecode.swift; path = CustomCell.swift; sourceTree = "<group>"; };
		BA36A2C528806E870087B0E8 /* LightVC.swift */ = {isa = PBXFileReference; lastKnownFileType = sourcecode.swift; path = LightVC.swift; sourceTree = "<group>"; };
		BA36A2C728806E960087B0E8 /* RollerVC.swift */ = {isa = PBXFileReference; lastKnownFileType = sourcecode.swift; path = RollerVC.swift; sourceTree = "<group>"; };
/* End PBXFileReference section */

/* Begin PBXFrameworksBuildPhase section */
		BA36A281288034590087B0E8 /* Frameworks */ = {
			isa = PBXFrameworksBuildPhase;
			buildActionMask = 2147483647;
			files = (
			);
			runOnlyForDeploymentPostprocessing = 0;
		};
		BA36A29A288034620087B0E8 /* Frameworks */ = {
			isa = PBXFrameworksBuildPhase;
			buildActionMask = 2147483647;
			files = (
			);
			runOnlyForDeploymentPostprocessing = 0;
		};
		BA36A2A4288034620087B0E8 /* Frameworks */ = {
			isa = PBXFrameworksBuildPhase;
			buildActionMask = 2147483647;
			files = (
			);
			runOnlyForDeploymentPostprocessing = 0;
		};
/* End PBXFrameworksBuildPhase section */

/* Begin PBXGroup section */
		BA36A27B288034590087B0E8 = {
			isa = PBXGroup;
			children = (
				BA36A286288034590087B0E8 /* SmartHome */,
				BA36A2A0288034620087B0E8 /* SmartHomeTests */,
				BA36A2AA288034620087B0E8 /* SmartHomeUITests */,
				BA36A285288034590087B0E8 /* Products */,
			);
			sourceTree = "<group>";
		};
		BA36A285288034590087B0E8 /* Products */ = {
			isa = PBXGroup;
			children = (
				BA36A284288034590087B0E8 /* SmartHome.app */,
				BA36A29D288034620087B0E8 /* SmartHomeTests.xctest */,
				BA36A2A7288034620087B0E8 /* SmartHomeUITests.xctest */,
			);
			name = Products;
			sourceTree = "<group>";
		};
		BA36A286288034590087B0E8 /* SmartHome */ = {
			isa = PBXGroup;
			children = (
				BA36A287288034590087B0E8 /* AppDelegate.swift */,
				BA36A289288034590087B0E8 /* SceneDelegate.swift */,
				BA36A2BA288035B60087B0E8 /* Model */,
				BA36A2BC288035DD0087B0E8 /* View */,
				BA36A293288034610087B0E8 /* Assets.xcassets */,
				BA36A295288034610087B0E8 /* LaunchScreen.storyboard */,
				BA36A298288034610087B0E8 /* Info.plist */,
				BA36A2902880345A0087B0E8 /* SmartHome.xcdatamodeld */,
			);
			path = SmartHome;
			sourceTree = "<group>";
		};
		BA36A2A0288034620087B0E8 /* SmartHomeTests */ = {
			isa = PBXGroup;
			children = (
				BA36A2A1288034620087B0E8 /* SmartHomeTests.swift */,
			);
			path = SmartHomeTests;
			sourceTree = "<group>";
		};
		BA36A2AA288034620087B0E8 /* SmartHomeUITests */ = {
			isa = PBXGroup;
			children = (
				BA36A2AB288034620087B0E8 /* SmartHomeUITests.swift */,
				BA36A2AD288034620087B0E8 /* SmartHomeUITestsLaunchTests.swift */,
			);
			path = SmartHomeUITests;
			sourceTree = "<group>";
		};
		BA36A2BA288035B60087B0E8 /* Model */ = {
			isa = PBXGroup;
			children = (
				BA36A2BD288037390087B0E8 /* DeviceData.swift */,
				BA36A2BF28803BB20087B0E8 /* DataManager.swift */,
				BA36A2C128803C440087B0E8 /* DeviceModel.swift */,
			);
			path = Model;
			sourceTree = "<group>";
		};
		BA36A2BC288035DD0087B0E8 /* View */ = {
			isa = PBXGroup;
			children = (
				BA36A28B288034590087B0E8 /* HomeVC.swift */,
				BA36A2C328805AA40087B0E8 /* CustomCell.swift */,
				BA36A2C528806E870087B0E8 /* LightVC.swift */,
				BA36A2C728806E960087B0E8 /* RollerVC.swift */,
			);
			path = View;
			sourceTree = "<group>";
		};
/* End PBXGroup section */

/* Begin PBXNativeTarget section */
		BA36A283288034590087B0E8 /* SmartHome */ = {
			isa = PBXNativeTarget;
			buildConfigurationList = BA36A2B1288034620087B0E8 /* Build configuration list for PBXNativeTarget "SmartHome" */;
			buildPhases = (
				BA36A280288034590087B0E8 /* Sources */,
				BA36A281288034590087B0E8 /* Frameworks */,
				BA36A282288034590087B0E8 /* Resources */,
			);
			buildRules = (
			);
			dependencies = (
			);
			name = SmartHome;
			productName = SmartHome;
			productReference = BA36A284288034590087B0E8 /* SmartHome.app */;
			productType = "com.apple.product-type.application";
		};
		BA36A29C288034620087B0E8 /* SmartHomeTests */ = {
			isa = PBXNativeTarget;
			buildConfigurationList = BA36A2B4288034620087B0E8 /* Build configuration list for PBXNativeTarget "SmartHomeTests" */;
			buildPhases = (
				BA36A299288034620087B0E8 /* Sources */,
				BA36A29A288034620087B0E8 /* Frameworks */,
				BA36A29B288034620087B0E8 /* Resources */,
			);
			buildRules = (
			);
			dependencies = (
				BA36A29F288034620087B0E8 /* PBXTargetDependency */,
			);
			name = SmartHomeTests;
			productName = SmartHomeTests;
			productReference = BA36A29D288034620087B0E8 /* SmartHomeTests.xctest */;
			productType = "com.apple.product-type.bundle.unit-test";
		};
		BA36A2A6288034620087B0E8 /* SmartHomeUITests */ = {
			isa = PBXNativeTarget;
			buildConfigurationList = BA36A2B7288034620087B0E8 /* Build configuration list for PBXNativeTarget "SmartHomeUITests" */;
			buildPhases = (
				BA36A2A3288034620087B0E8 /* Sources */,
				BA36A2A4288034620087B0E8 /* Frameworks */,
				BA36A2A5288034620087B0E8 /* Resources */,
			);
			buildRules = (
			);
			dependencies = (
				BA36A2A9288034620087B0E8 /* PBXTargetDependency */,
			);
			name = SmartHomeUITests;
			productName = SmartHomeUITests;
			productReference = BA36A2A7288034620087B0E8 /* SmartHomeUITests.xctest */;
			productType = "com.apple.product-type.bundle.ui-testing";
		};
/* End PBXNativeTarget section */

/* Begin PBXProject section */
		BA36A27C288034590087B0E8 /* Project object */ = {
			isa = PBXProject;
			attributes = {
				BuildIndependentTargetsInParallel = 1;
				LastSwiftUpdateCheck = 1340;
				LastUpgradeCheck = 1340;
				TargetAttributes = {
					BA36A283288034590087B0E8 = {
						CreatedOnToolsVersion = 13.4.1;
					};
					BA36A29C288034620087B0E8 = {
						CreatedOnToolsVersion = 13.4.1;
						TestTargetID = BA36A283288034590087B0E8;
					};
					BA36A2A6288034620087B0E8 = {
						CreatedOnToolsVersion = 13.4.1;
						TestTargetID = BA36A283288034590087B0E8;
					};
				};
			};
			buildConfigurationList = BA36A27F288034590087B0E8 /* Build configuration list for PBXProject "SmartHome" */;
			compatibilityVersion = "Xcode 13.0";
			developmentRegion = en;
			hasScannedForEncodings = 0;
			knownRegions = (
				en,
				Base,
			);
			mainGroup = BA36A27B288034590087B0E8;
			productRefGroup = BA36A285288034590087B0E8 /* Products */;
			projectDirPath = "";
			projectRoot = "";
			targets = (
				BA36A283288034590087B0E8 /* SmartHome */,
				BA36A29C288034620087B0E8 /* SmartHomeTests */,
				BA36A2A6288034620087B0E8 /* SmartHomeUITests */,
			);
		};
/* End PBXProject section */

/* Begin PBXResourcesBuildPhase section */
		BA36A282288034590087B0E8 /* Resources */ = {
			isa = PBXResourcesBuildPhase;
			buildActionMask = 2147483647;
			files = (
				BA36A297288034610087B0E8 /* LaunchScreen.storyboard in Resources */,
				BA36A294288034610087B0E8 /* Assets.xcassets in Resources */,
			);
			runOnlyForDeploymentPostprocessing = 0;
		};
		BA36A29B288034620087B0E8 /* Resources */ = {
			isa = PBXResourcesBuildPhase;
			buildActionMask = 2147483647;
			files = (
			);
			runOnlyForDeploymentPostprocessing = 0;
		};
		BA36A2A5288034620087B0E8 /* Resources */ = {
			isa = PBXResourcesBuildPhase;
			buildActionMask = 2147483647;
			files = (
			);
			runOnlyForDeploymentPostprocessing = 0;
		};
/* End PBXResourcesBuildPhase section */

/* Begin PBXSourcesBuildPhase section */
		BA36A280288034590087B0E8 /* Sources */ = {
			isa = PBXSourcesBuildPhase;
			buildActionMask = 2147483647;
			files = (
				BA36A2BE288037390087B0E8 /* DeviceData.swift in Sources */,
				BA36A2C028803BB20087B0E8 /* DataManager.swift in Sources */,
				BA36A2C228803C440087B0E8 /* DeviceModel.swift in Sources */,
				BA36A2C628806E870087B0E8 /* LightVC.swift in Sources */,
				BA36A28C288034590087B0E8 /* HomeVC.swift in Sources */,
				BA36A288288034590087B0E8 /* AppDelegate.swift in Sources */,
				BA36A2922880345A0087B0E8 /* SmartHome.xcdatamodeld in Sources */,
				BA36A2C428805AA40087B0E8 /* CustomCell.swift in Sources */,
				BA36A2C828806E960087B0E8 /* RollerVC.swift in Sources */,
				BA36A28A288034590087B0E8 /* SceneDelegate.swift in Sources */,
			);
			runOnlyForDeploymentPostprocessing = 0;
		};
		BA36A299288034620087B0E8 /* Sources */ = {
			isa = PBXSourcesBuildPhase;
			buildActionMask = 2147483647;
			files = (
				BA36A2A2288034620087B0E8 /* SmartHomeTests.swift in Sources */,
			);
			runOnlyForDeploymentPostprocessing = 0;
		};
		BA36A2A3288034620087B0E8 /* Sources */ = {
			isa = PBXSourcesBuildPhase;
			buildActionMask = 2147483647;
			files = (
				BA36A2AC288034620087B0E8 /* SmartHomeUITests.swift in Sources */,
				BA36A2AE288034620087B0E8 /* SmartHomeUITestsLaunchTests.swift in Sources */,
			);
			runOnlyForDeploymentPostprocessing = 0;
		};
/* End PBXSourcesBuildPhase section */

/* Begin PBXTargetDependency section */
		BA36A29F288034620087B0E8 /* PBXTargetDependency */ = {
			isa = PBXTargetDependency;
			target = BA36A283288034590087B0E8 /* SmartHome */;
			targetProxy = BA36A29E288034620087B0E8 /* PBXContainerItemProxy */;
		};
		BA36A2A9288034620087B0E8 /* PBXTargetDependency */ = {
			isa = PBXTargetDependency;
			target = BA36A283288034590087B0E8 /* SmartHome */;
			targetProxy = BA36A2A8288034620087B0E8 /* PBXContainerItemProxy */;
		};
/* End PBXTargetDependency section */

/* Begin PBXVariantGroup section */
		BA36A295288034610087B0E8 /* LaunchScreen.storyboard */ = {
			isa = PBXVariantGroup;
			children = (
				BA36A296288034610087B0E8 /* Base */,
			);
			name = LaunchScreen.storyboard;
			sourceTree = "<group>";
		};
/* End PBXVariantGroup section */

/* Begin XCBuildConfiguration section */
		BA36A2AF288034620087B0E8 /* Debug */ = {
			isa = XCBuildConfiguration;
			buildSettings = {
				ALWAYS_SEARCH_USER_PATHS = NO;
				CLANG_ANALYZER_NONNULL = YES;
				CLANG_ANALYZER_NUMBER_OBJECT_CONVERSION = YES_AGGRESSIVE;
				CLANG_CXX_LANGUAGE_STANDARD = "gnu++17";
				CLANG_ENABLE_MODULES = YES;
				CLANG_ENABLE_OBJC_ARC = YES;
				CLANG_ENABLE_OBJC_WEAK = YES;
				CLANG_WARN_BLOCK_CAPTURE_AUTORELEASING = YES;
				CLANG_WARN_BOOL_CONVERSION = YES;
				CLANG_WARN_COMMA = YES;
				CLANG_WARN_CONSTANT_CONVERSION = YES;
				CLANG_WARN_DEPRECATED_OBJC_IMPLEMENTATIONS = YES;
				CLANG_WARN_DIRECT_OBJC_ISA_USAGE = YES_ERROR;
				CLANG_WARN_DOCUMENTATION_COMMENTS = YES;
				CLANG_WARN_EMPTY_BODY = YES;
				CLANG_WARN_ENUM_CONVERSION = YES;
				CLANG_WARN_INFINITE_RECURSION = YES;
				CLANG_WARN_INT_CONVERSION = YES;
				CLANG_WARN_NON_LITERAL_NULL_CONVERSION = YES;
				CLANG_WARN_OBJC_IMPLICIT_RETAIN_SELF = YES;
				CLANG_WARN_OBJC_LITERAL_CONVERSION = YES;
				CLANG_WARN_OBJC_ROOT_CLASS = YES_ERROR;
				CLANG_WARN_QUOTED_INCLUDE_IN_FRAMEWORK_HEADER = YES;
				CLANG_WARN_RANGE_LOOP_ANALYSIS = YES;
				CLANG_WARN_STRICT_PROTOTYPES = YES;
				CLANG_WARN_SUSPICIOUS_MOVE = YES;
				CLANG_WARN_UNGUARDED_AVAILABILITY = YES_AGGRESSIVE;
				CLANG_WARN_UNREACHABLE_CODE = YES;
				CLANG_WARN__DUPLICATE_METHOD_MATCH = YES;
				COPY_PHASE_STRIP = NO;
				DEBUG_INFORMATION_FORMAT = dwarf;
				ENABLE_STRICT_OBJC_MSGSEND = YES;
				ENABLE_TESTABILITY = YES;
				GCC_C_LANGUAGE_STANDARD = gnu11;
				GCC_DYNAMIC_NO_PIC = NO;
				GCC_NO_COMMON_BLOCKS = YES;
				GCC_OPTIMIZATION_LEVEL = 0;
				GCC_PREPROCESSOR_DEFINITIONS = (
					"DEBUG=1",
					"$(inherited)",
				);
				GCC_WARN_64_TO_32_BIT_CONVERSION = YES;
				GCC_WARN_ABOUT_RETURN_TYPE = YES_ERROR;
				GCC_WARN_UNDECLARED_SELECTOR = YES;
				GCC_WARN_UNINITIALIZED_AUTOS = YES_AGGRESSIVE;
				GCC_WARN_UNUSED_FUNCTION = YES;
				GCC_WARN_UNUSED_VARIABLE = YES;
				IPHONEOS_DEPLOYMENT_TARGET = 15.5;
				MTL_ENABLE_DEBUG_INFO = INCLUDE_SOURCE;
				MTL_FAST_MATH = YES;
				ONLY_ACTIVE_ARCH = YES;
				SDKROOT = iphoneos;
				SWIFT_ACTIVE_COMPILATION_CONDITIONS = DEBUG;
				SWIFT_OPTIMIZATION_LEVEL = "-Onone";
			};
			name = Debug;
		};
		BA36A2B0288034620087B0E8 /* Release */ = {
			isa = XCBuildConfiguration;
			buildSettings = {
				ALWAYS_SEARCH_USER_PATHS = NO;
				CLANG_ANALYZER_NONNULL = YES;
				CLANG_ANALYZER_NUMBER_OBJECT_CONVERSION = YES_AGGRESSIVE;
				CLANG_CXX_LANGUAGE_STANDARD = "gnu++17";
				CLANG_ENABLE_MODULES = YES;
				CLANG_ENABLE_OBJC_ARC = YES;
				CLANG_ENABLE_OBJC_WEAK = YES;
				CLANG_WARN_BLOCK_CAPTURE_AUTORELEASING = YES;
				CLANG_WARN_BOOL_CONVERSION = YES;
				CLANG_WARN_COMMA = YES;
				CLANG_WARN_CONSTANT_CONVERSION = YES;
				CLANG_WARN_DEPRECATED_OBJC_IMPLEMENTATIONS = YES;
				CLANG_WARN_DIRECT_OBJC_ISA_USAGE = YES_ERROR;
				CLANG_WARN_DOCUMENTATION_COMMENTS = YES;
				CLANG_WARN_EMPTY_BODY = YES;
				CLANG_WARN_ENUM_CONVERSION = YES;
				CLANG_WARN_INFINITE_RECURSION = YES;
				CLANG_WARN_INT_CONVERSION = YES;
				CLANG_WARN_NON_LITERAL_NULL_CONVERSION = YES;
				CLANG_WARN_OBJC_IMPLICIT_RETAIN_SELF = YES;
				CLANG_WARN_OBJC_LITERAL_CONVERSION = YES;
				CLANG_WARN_OBJC_ROOT_CLASS = YES_ERROR;
				CLANG_WARN_QUOTED_INCLUDE_IN_FRAMEWORK_HEADER = YES;
				CLANG_WARN_RANGE_LOOP_ANALYSIS = YES;
				CLANG_WARN_STRICT_PROTOTYPES = YES;
				CLANG_WARN_SUSPICIOUS_MOVE = YES;
				CLANG_WARN_UNGUARDED_AVAILABILITY = YES_AGGRESSIVE;
				CLANG_WARN_UNREACHABLE_CODE = YES;
				CLANG_WARN__DUPLICATE_METHOD_MATCH = YES;
				COPY_PHASE_STRIP = NO;
				DEBUG_INFORMATION_FORMAT = "dwarf-with-dsym";
				ENABLE_NS_ASSERTIONS = NO;
				ENABLE_STRICT_OBJC_MSGSEND = YES;
				GCC_C_LANGUAGE_STANDARD = gnu11;
				GCC_NO_COMMON_BLOCKS = YES;
				GCC_WARN_64_TO_32_BIT_CONVERSION = YES;
				GCC_WARN_ABOUT_RETURN_TYPE = YES_ERROR;
				GCC_WARN_UNDECLARED_SELECTOR = YES;
				GCC_WARN_UNINITIALIZED_AUTOS = YES_AGGRESSIVE;
				GCC_WARN_UNUSED_FUNCTION = YES;
				GCC_WARN_UNUSED_VARIABLE = YES;
				IPHONEOS_DEPLOYMENT_TARGET = 15.5;
				MTL_ENABLE_DEBUG_INFO = NO;
				MTL_FAST_MATH = YES;
				SDKROOT = iphoneos;
				SWIFT_COMPILATION_MODE = wholemodule;
				SWIFT_OPTIMIZATION_LEVEL = "-O";
				VALIDATE_PRODUCT = YES;
			};
			name = Release;
		};
		BA36A2B2288034620087B0E8 /* Debug */ = {
			isa = XCBuildConfiguration;
			buildSettings = {
				ASSETCATALOG_COMPILER_APPICON_NAME = AppIcon;
				ASSETCATALOG_COMPILER_GLOBAL_ACCENT_COLOR_NAME = AccentColor;
				CODE_SIGN_STYLE = Automatic;
				CURRENT_PROJECT_VERSION = 1;
				DEVELOPMENT_TEAM = KC6374BX74;
				GENERATE_INFOPLIST_FILE = YES;
				INFOPLIST_FILE = SmartHome/Info.plist;
				INFOPLIST_KEY_UIApplicationSupportsIndirectInputEvents = YES;
				INFOPLIST_KEY_UILaunchStoryboardName = LaunchScreen;
				INFOPLIST_KEY_UISupportedInterfaceOrientations_iPad = "UIInterfaceOrientationPortrait UIInterfaceOrientationPortraitUpsideDown UIInterfaceOrientationLandscapeLeft UIInterfaceOrientationLandscapeRight";
				INFOPLIST_KEY_UISupportedInterfaceOrientations_iPhone = "UIInterfaceOrientationPortrait UIInterfaceOrientationLandscapeLeft UIInterfaceOrientationLandscapeRight";
				IPHONEOS_DEPLOYMENT_TARGET = 13.0;
				LD_RUNPATH_SEARCH_PATHS = (
					"$(inherited)",
					"@executable_path/Frameworks",
				);
				MARKETING_VERSION = 1.0;
				PRODUCT_BUNDLE_IDENTIFIER = markosian.SmartHome;
				PRODUCT_NAME = "$(TARGET_NAME)";
				SWIFT_EMIT_LOC_STRINGS = YES;
				SWIFT_VERSION = 5.0;
				TARGETED_DEVICE_FAMILY = 1;
			};
			name = Debug;
		};
		BA36A2B3288034620087B0E8 /* Release */ = {
			isa = XCBuildConfiguration;
			buildSettings = {
				ASSETCATALOG_COMPILER_APPICON_NAME = AppIcon;
				ASSETCATALOG_COMPILER_GLOBAL_ACCENT_COLOR_NAME = AccentColor;
				CODE_SIGN_STYLE = Automatic;
				CURRENT_PROJECT_VERSION = 1;
				DEVELOPMENT_TEAM = KC6374BX74;
				GENERATE_INFOPLIST_FILE = YES;
				INFOPLIST_FILE = SmartHome/Info.plist;
				INFOPLIST_KEY_UIApplicationSupportsIndirectInputEvents = YES;
				INFOPLIST_KEY_UILaunchStoryboardName = LaunchScreen;
				INFOPLIST_KEY_UISupportedInterfaceOrientations_iPad = "UIInterfaceOrientationPortrait UIInterfaceOrientationPortraitUpsideDown UIInterfaceOrientationLandscapeLeft UIInterfaceOrientationLandscapeRight";
				INFOPLIST_KEY_UISupportedInterfaceOrientations_iPhone = "UIInterfaceOrientationPortrait UIInterfaceOrientationLandscapeLeft UIInterfaceOrientationLandscapeRight";
				IPHONEOS_DEPLOYMENT_TARGET = 13.0;
				LD_RUNPATH_SEARCH_PATHS = (
					"$(inherited)",
					"@executable_path/Frameworks",
				);
				MARKETING_VERSION = 1.0;
				PRODUCT_BUNDLE_IDENTIFIER = markosian.SmartHome;
				PRODUCT_NAME = "$(TARGET_NAME)";
				SWIFT_EMIT_LOC_STRINGS = YES;
				SWIFT_VERSION = 5.0;
				TARGETED_DEVICE_FAMILY = 1;
			};
			name = Release;
		};
		BA36A2B5288034620087B0E8 /* Debug */ = {
			isa = XCBuildConfiguration;
			buildSettings = {
				ALWAYS_EMBED_SWIFT_STANDARD_LIBRARIES = YES;
				BUNDLE_LOADER = "$(TEST_HOST)";
				CODE_SIGN_STYLE = Automatic;
				CURRENT_PROJECT_VERSION = 1;
				DEVELOPMENT_TEAM = KC6374BX74;
				GENERATE_INFOPLIST_FILE = YES;
				IPHONEOS_DEPLOYMENT_TARGET = 15.5;
				MARKETING_VERSION = 1.0;
				PRODUCT_BUNDLE_IDENTIFIER = markosian.SmartHomeTests;
				PRODUCT_NAME = "$(TARGET_NAME)";
				SWIFT_EMIT_LOC_STRINGS = NO;
				SWIFT_VERSION = 5.0;
				TARGETED_DEVICE_FAMILY = "1,2";
				TEST_HOST = "$(BUILT_PRODUCTS_DIR)/SmartHome.app/SmartHome";
			};
			name = Debug;
		};
		BA36A2B6288034620087B0E8 /* Release */ = {
			isa = XCBuildConfiguration;
			buildSettings = {
				ALWAYS_EMBED_SWIFT_STANDARD_LIBRARIES = YES;
				BUNDLE_LOADER = "$(TEST_HOST)";
				CODE_SIGN_STYLE = Automatic;
				CURRENT_PROJECT_VERSION = 1;
				DEVELOPMENT_TEAM = KC6374BX74;
				GENERATE_INFOPLIST_FILE = YES;
				IPHONEOS_DEPLOYMENT_TARGET = 15.5;
				MARKETING_VERSION = 1.0;
				PRODUCT_BUNDLE_IDENTIFIER = markosian.SmartHomeTests;
				PRODUCT_NAME = "$(TARGET_NAME)";
				SWIFT_EMIT_LOC_STRINGS = NO;
				SWIFT_VERSION = 5.0;
				TARGETED_DEVICE_FAMILY = "1,2";
				TEST_HOST = "$(BUILT_PRODUCTS_DIR)/SmartHome.app/SmartHome";
			};
			name = Release;
		};
		BA36A2B8288034620087B0E8 /* Debug */ = {
			isa = XCBuildConfiguration;
			buildSettings = {
				ALWAYS_EMBED_SWIFT_STANDARD_LIBRARIES = YES;
				CODE_SIGN_STYLE = Automatic;
				CURRENT_PROJECT_VERSION = 1;
				DEVELOPMENT_TEAM = KC6374BX74;
				GENERATE_INFOPLIST_FILE = YES;
				MARKETING_VERSION = 1.0;
				PRODUCT_BUNDLE_IDENTIFIER = markosian.SmartHomeUITests;
				PRODUCT_NAME = "$(TARGET_NAME)";
				SWIFT_EMIT_LOC_STRINGS = NO;
				SWIFT_VERSION = 5.0;
				TARGETED_DEVICE_FAMILY = "1,2";
				TEST_TARGET_NAME = SmartHome;
			};
			name = Debug;
		};
		BA36A2B9288034620087B0E8 /* Release */ = {
			isa = XCBuildConfiguration;
			buildSettings = {
				ALWAYS_EMBED_SWIFT_STANDARD_LIBRARIES = YES;
				CODE_SIGN_STYLE = Automatic;
				CURRENT_PROJECT_VERSION = 1;
				DEVELOPMENT_TEAM = KC6374BX74;
				GENERATE_INFOPLIST_FILE = YES;
				MARKETING_VERSION = 1.0;
				PRODUCT_BUNDLE_IDENTIFIER = markosian.SmartHomeUITests;
				PRODUCT_NAME = "$(TARGET_NAME)";
				SWIFT_EMIT_LOC_STRINGS = NO;
				SWIFT_VERSION = 5.0;
				TARGETED_DEVICE_FAMILY = "1,2";
				TEST_TARGET_NAME = SmartHome;
			};
			name = Release;
		};
/* End XCBuildConfiguration section */

/* Begin XCConfigurationList section */
		BA36A27F288034590087B0E8 /* Build configuration list for PBXProject "SmartHome" */ = {
			isa = XCConfigurationList;
			buildConfigurations = (
				BA36A2AF288034620087B0E8 /* Debug */,
				BA36A2B0288034620087B0E8 /* Release */,
			);
			defaultConfigurationIsVisible = 0;
			defaultConfigurationName = Release;
		};
		BA36A2B1288034620087B0E8 /* Build configuration list for PBXNativeTarget "SmartHome" */ = {
			isa = XCConfigurationList;
			buildConfigurations = (
				BA36A2B2288034620087B0E8 /* Debug */,
				BA36A2B3288034620087B0E8 /* Release */,
			);
			defaultConfigurationIsVisible = 0;
			defaultConfigurationName = Release;
		};
		BA36A2B4288034620087B0E8 /* Build configuration list for PBXNativeTarget "SmartHomeTests" */ = {
			isa = XCConfigurationList;
			buildConfigurations = (
				BA36A2B5288034620087B0E8 /* Debug */,
				BA36A2B6288034620087B0E8 /* Release */,
			);
			defaultConfigurationIsVisible = 0;
			defaultConfigurationName = Release;
		};
		BA36A2B7288034620087B0E8 /* Build configuration list for PBXNativeTarget "SmartHomeUITests" */ = {
			isa = XCConfigurationList;
			buildConfigurations = (
				BA36A2B8288034620087B0E8 /* Debug */,
				BA36A2B9288034620087B0E8 /* Release */,
			);
			defaultConfigurationIsVisible = 0;
			defaultConfigurationName = Release;
		};
/* End XCConfigurationList section */

/* Begin XCVersionGroup section */
		BA36A2902880345A0087B0E8 /* SmartHome.xcdatamodeld */ = {
			isa = XCVersionGroup;
			children = (
				BA36A2912880345A0087B0E8 /* SmartHome.xcdatamodel */,
			);
			currentVersion = BA36A2912880345A0087B0E8 /* SmartHome.xcdatamodel */;
			path = SmartHome.xcdatamodeld;
			sourceTree = "<group>";
			versionGroupType = wrapper.xcdatamodel;
		};
/* End XCVersionGroup section */
	};
	rootObject = BA36A27C288034590087B0E8 /* Project object */;
}
